// !$*UTF8*$!
{
	archiveVersion = 1;
	classes = {
	};
	objectVersion = 50;
	objects = {

/* Begin PBXBuildFile section */
		8DF117FE26EBCCFE001D5067 /* AppDelegate.swift in Sources */ = {isa = PBXBuildFile; fileRef = 8DF117FD26EBCCFE001D5067 /* AppDelegate.swift */; };
		8DF1180026EBCCFE001D5067 /* SceneDelegate.swift in Sources */ = {isa = PBXBuildFile; fileRef = 8DF117FF26EBCCFE001D5067 /* SceneDelegate.swift */; };
		8DF1180226EBCCFE001D5067 /* ContentView.swift in Sources */ = {isa = PBXBuildFile; fileRef = 8DF1180126EBCCFE001D5067 /* ContentView.swift */; };
		8DF1180426EBCD04001D5067 /* Assets.xcassets in Resources */ = {isa = PBXBuildFile; fileRef = 8DF1180326EBCD04001D5067 /* Assets.xcassets */; };
		8DF1180726EBCD04001D5067 /* Preview Assets.xcassets in Resources */ = {isa = PBXBuildFile; fileRef = 8DF1180626EBCD04001D5067 /* Preview Assets.xcassets */; };
		8DF1180A26EBCD04001D5067 /* LaunchScreen.storyboard in Resources */ = {isa = PBXBuildFile; fileRef = 8DF1180826EBCD04001D5067 /* LaunchScreen.storyboard */; };
		8DF1182926EBDF3A001D5067 /* AddTaskScreen.swift in Sources */ = {isa = PBXBuildFile; fileRef = 8DF1182826EBDF3A001D5067 /* AddTaskScreen.swift */; };
		8DF1184926ED1701001D5067 /* TodoUnitTestUITests.swift in Sources */ = {isa = PBXBuildFile; fileRef = 8DF1184826ED1701001D5067 /* TodoUnitTestUITests.swift */; };
/* End PBXBuildFile section */

/* Begin PBXContainerItemProxy section */
		8DF1184B26ED1701001D5067 /* PBXContainerItemProxy */ = {
			isa = PBXContainerItemProxy;
			containerPortal = 8DF117F226EBCCFE001D5067 /* Project object */;
			proxyType = 1;
			remoteGlobalIDString = 8DF117F926EBCCFE001D5067;
			remoteInfo = LearnUnitTest;
		};
/* End PBXContainerItemProxy section */

/* Begin PBXFileReference section */
		8DF117FA26EBCCFE001D5067 /* LearnUnitTest.app */ = {isa = PBXFileReference; explicitFileType = wrapper.application; includeInIndex = 0; path = LearnUnitTest.app; sourceTree = BUILT_PRODUCTS_DIR; };
		8DF117FD26EBCCFE001D5067 /* AppDelegate.swift */ = {isa = PBXFileReference; lastKnownFileType = sourcecode.swift; path = AppDelegate.swift; sourceTree = "<group>"; };
		8DF117FF26EBCCFE001D5067 /* SceneDelegate.swift */ = {isa = PBXFileReference; lastKnownFileType = sourcecode.swift; path = SceneDelegate.swift; sourceTree = "<group>"; };
		8DF1180126EBCCFE001D5067 /* ContentView.swift */ = {isa = PBXFileReference; lastKnownFileType = sourcecode.swift; path = ContentView.swift; sourceTree = "<group>"; };
		8DF1180326EBCD04001D5067 /* Assets.xcassets */ = {isa = PBXFileReference; lastKnownFileType = folder.assetcatalog; path = Assets.xcassets; sourceTree = "<group>"; };
		8DF1180626EBCD04001D5067 /* Preview Assets.xcassets */ = {isa = PBXFileReference; lastKnownFileType = folder.assetcatalog; path = "Preview Assets.xcassets"; sourceTree = "<group>"; };
		8DF1180926EBCD04001D5067 /* Base */ = {isa = PBXFileReference; lastKnownFileType = file.storyboard; name = Base; path = Base.lproj/LaunchScreen.storyboard; sourceTree = "<group>"; };
		8DF1180B26EBCD04001D5067 /* Info.plist */ = {isa = PBXFileReference; lastKnownFileType = text.plist.xml; path = Info.plist; sourceTree = "<group>"; };
		8DF1182826EBDF3A001D5067 /* AddTaskScreen.swift */ = {isa = PBXFileReference; lastKnownFileType = sourcecode.swift; path = AddTaskScreen.swift; sourceTree = "<group>"; };
		8DF1184626ED1701001D5067 /* TodoUnitTestUITests.xctest */ = {isa = PBXFileReference; explicitFileType = wrapper.cfbundle; includeInIndex = 0; path = TodoUnitTestUITests.xctest; sourceTree = BUILT_PRODUCTS_DIR; };
		8DF1184826ED1701001D5067 /* TodoUnitTestUITests.swift */ = {isa = PBXFileReference; lastKnownFileType = sourcecode.swift; path = TodoUnitTestUITests.swift; sourceTree = "<group>"; };
		8DF1184A26ED1701001D5067 /* Info.plist */ = {isa = PBXFileReference; lastKnownFileType = text.plist.xml; path = Info.plist; sourceTree = "<group>"; };
/* End PBXFileReference section */

/* Begin PBXFrameworksBuildPhase section */
		8DF117F726EBCCFE001D5067 /* Frameworks */ = {
			isa = PBXFrameworksBuildPhase;
			buildActionMask = 2147483647;
			files = (
			);
			runOnlyForDeploymentPostprocessing = 0;
		};
		8DF1184326ED1701001D5067 /* Frameworks */ = {
			isa = PBXFrameworksBuildPhase;
			buildActionMask = 2147483647;
			files = (
			);
			runOnlyForDeploymentPostprocessing = 0;
		};
/* End PBXFrameworksBuildPhase section */

/* Begin PBXGroup section */
		8DF117F126EBCCFE001D5067 = {
			isa = PBXGroup;
			children = (
				8DF117FC26EBCCFE001D5067 /* LearnUnitTest */,
				8DF1184726ED1701001D5067 /* TodoUnitTestUITests */,
				8DF117FB26EBCCFE001D5067 /* Products */,
			);
			sourceTree = "<group>";
		};
		8DF117FB26EBCCFE001D5067 /* Products */ = {
			isa = PBXGroup;
			children = (
				8DF117FA26EBCCFE001D5067 /* LearnUnitTest.app */,
				8DF1184626ED1701001D5067 /* TodoUnitTestUITests.xctest */,
			);
			name = Products;
			sourceTree = "<group>";
		};
		8DF117FC26EBCCFE001D5067 /* LearnUnitTest */ = {
			isa = PBXGroup;
			children = (
				8DF117FD26EBCCFE001D5067 /* AppDelegate.swift */,
				8DF117FF26EBCCFE001D5067 /* SceneDelegate.swift */,
				8DF1180126EBCCFE001D5067 /* ContentView.swift */,
				8DF1182826EBDF3A001D5067 /* AddTaskScreen.swift */,
				8DF1180326EBCD04001D5067 /* Assets.xcassets */,
				8DF1180826EBCD04001D5067 /* LaunchScreen.storyboard */,
				8DF1180B26EBCD04001D5067 /* Info.plist */,
				8DF1180526EBCD04001D5067 /* Preview Content */,
			);
			path = LearnUnitTest;
			sourceTree = "<group>";
		};
		8DF1180526EBCD04001D5067 /* Preview Content */ = {
			isa = PBXGroup;
			children = (
				8DF1180626EBCD04001D5067 /* Preview Assets.xcassets */,
			);
			path = "Preview Content";
			sourceTree = "<group>";
		};
		8DF1184726ED1701001D5067 /* TodoUnitTestUITests */ = {
			isa = PBXGroup;
			children = (
				8DF1184826ED1701001D5067 /* TodoUnitTestUITests.swift */,
				8DF1184A26ED1701001D5067 /* Info.plist */,
			);
			path = TodoUnitTestUITests;
			sourceTree = "<group>";
		};
/* End PBXGroup section */

/* Begin PBXNativeTarget section */
		8DF117F926EBCCFE001D5067 /* LearnUnitTest */ = {
			isa = PBXNativeTarget;
			buildConfigurationList = 8DF1180E26EBCD04001D5067 /* Build configuration list for PBXNativeTarget "LearnUnitTest" */;
			buildPhases = (
				8DF117F626EBCCFE001D5067 /* Sources */,
				8DF117F726EBCCFE001D5067 /* Frameworks */,
				8DF117F826EBCCFE001D5067 /* Resources */,
			);
			buildRules = (
			);
			dependencies = (
			);
			name = LearnUnitTest;
			productName = LearnUnitTest;
			productReference = 8DF117FA26EBCCFE001D5067 /* LearnUnitTest.app */;
			productType = "com.apple.product-type.application";
		};
		8DF1184526ED1701001D5067 /* TodoUnitTestUITests */ = {
			isa = PBXNativeTarget;
			buildConfigurationList = 8DF1184D26ED1701001D5067 /* Build configuration list for PBXNativeTarget "TodoUnitTestUITests" */;
			buildPhases = (
				8DF1184226ED1701001D5067 /* Sources */,
				8DF1184326ED1701001D5067 /* Frameworks */,
				8DF1184426ED1701001D5067 /* Resources */,
			);
			buildRules = (
			);
			dependencies = (
				8DF1184C26ED1701001D5067 /* PBXTargetDependency */,
			);
			name = TodoUnitTestUITests;
			productName = TodoUnitTestUITests;
			productReference = 8DF1184626ED1701001D5067 /* TodoUnitTestUITests.xctest */;
			productType = "com.apple.product-type.bundle.ui-testing";
		};
/* End PBXNativeTarget section */

/* Begin PBXProject section */
		8DF117F226EBCCFE001D5067 /* Project object */ = {
			isa = PBXProject;
			attributes = {
				LastSwiftUpdateCheck = 1240;
				LastUpgradeCheck = 1240;
				TargetAttributes = {
					8DF117F926EBCCFE001D5067 = {
						CreatedOnToolsVersion = 12.4;
					};
					8DF1184526ED1701001D5067 = {
						CreatedOnToolsVersion = 12.4;
						TestTargetID = 8DF117F926EBCCFE001D5067;
					};
				};
			};
			buildConfigurationList = 8DF117F526EBCCFE001D5067 /* Build configuration list for PBXProject "LearnUnitTest" */;
			compatibilityVersion = "Xcode 9.3";
			developmentRegion = en;
			hasScannedForEncodings = 0;
			knownRegions = (
				en,
				Base,
			);
			mainGroup = 8DF117F126EBCCFE001D5067;
			productRefGroup = 8DF117FB26EBCCFE001D5067 /* Products */;
			projectDirPath = "";
			projectRoot = "";
			targets = (
				8DF117F926EBCCFE001D5067 /* LearnUnitTest */,
				8DF1184526ED1701001D5067 /* TodoUnitTestUITests */,
			);
		};
/* End PBXProject section */

/* Begin PBXResourcesBuildPhase section */
		8DF117F826EBCCFE001D5067 /* Resources */ = {
			isa = PBXResourcesBuildPhase;
			buildActionMask = 2147483647;
			files = (
				8DF1180A26EBCD04001D5067 /* LaunchScreen.storyboard in Resources */,
				8DF1180726EBCD04001D5067 /* Preview Assets.xcassets in Resources */,
				8DF1180426EBCD04001D5067 /* Assets.xcassets in Resources */,
			);
			runOnlyForDeploymentPostprocessing = 0;
		};
		8DF1184426ED1701001D5067 /* Resources */ = {
			isa = PBXResourcesBuildPhase;
			buildActionMask = 2147483647;
			files = (
			);
			runOnlyForDeploymentPostprocessing = 0;
		};
/* End PBXResourcesBuildPhase section */

/* Begin PBXSourcesBuildPhase section */
		8DF117F626EBCCFE001D5067 /* Sources */ = {
			isa = PBXSourcesBuildPhase;
			buildActionMask = 2147483647;
			files = (
				8DF117FE26EBCCFE001D5067 /* AppDelegate.swift in Sources */,
				8DF1180026EBCCFE001D5067 /* SceneDelegate.swift in Sources */,
				8DF1182926EBDF3A001D5067 /* AddTaskScreen.swift in Sources */,
				8DF1180226EBCCFE001D5067 /* ContentView.swift in Sources */,
			);
			runOnlyForDeploymentPostprocessing = 0;
		};
		8DF1184226ED1701001D5067 /* Sources */ = {
			isa = PBXSourcesBuildPhase;
			buildActionMask = 2147483647;
			files = (
				8DF1184926ED1701001D5067 /* TodoUnitTestUITests.swift in Sources */,
			);
			runOnlyForDeploymentPostprocessing = 0;
		};
/* End PBXSourcesBuildPhase section */

/* Begin PBXTargetDependency section */
		8DF1184C26ED1701001D5067 /* PBXTargetDependency */ = {
			isa = PBXTargetDependency;
			target = 8DF117F926EBCCFE001D5067 /* LearnUnitTest */;
			targetProxy = 8DF1184B26ED1701001D5067 /* PBXContainerItemProxy */;
		};
/* End PBXTargetDependency section */

/* Begin PBXVariantGroup section */
		8DF1180826EBCD04001D5067 /* LaunchScreen.storyboard */ = {
			isa = PBXVariantGroup;
			children = (
				8DF1180926EBCD04001D5067 /* Base */,
			);
			name = LaunchScreen.storyboard;
			sourceTree = "<group>";
		};
/* End PBXVariantGroup section */

/* Begin XCBuildConfiguration section */
		8DF1180C26EBCD04001D5067 /* Debug */ = {
			isa = XCBuildConfiguration;
			buildSettings = {
				ALWAYS_SEARCH_USER_PATHS = NO;
				CLANG_ANALYZER_NONNULL = YES;
				CLANG_ANALYZER_NUMBER_OBJECT_CONVERSION = YES_AGGRESSIVE;
				CLANG_CXX_LANGUAGE_STANDARD = "gnu++14";
				CLANG_CXX_LIBRARY = "libc++";
				CLANG_ENABLE_MODULES = YES;
				CLANG_ENABLE_OBJC_ARC = YES;
				CLANG_ENABLE_OBJC_WEAK = YES;
				CLANG_WARN_BLOCK_CAPTURE_AUTORELEASING = YES;
				CLANG_WARN_BOOL_CONVERSION = YES;
				CLANG_WARN_COMMA = YES;
				CLANG_WARN_CONSTANT_CONVERSION = YES;
				CLANG_WARN_DEPRECATED_OBJC_IMPLEMENTATIONS = YES;
				CLANG_WARN_DIRECT_OBJC_ISA_USAGE = YES_ERROR;
				CLANG_WARN_DOCUMENTATION_COMMENTS = YES;
				CLANG_WARN_EMPTY_BODY = YES;
				CLANG_WARN_ENUM_CONVERSION = YES;
				CLANG_WARN_INFINITE_RECURSION = YES;
				CLANG_WARN_INT_CONVERSION = YES;
				CLANG_WARN_NON_LITERAL_NULL_CONVERSION = YES;
				CLANG_WARN_OBJC_IMPLICIT_RETAIN_SELF = YES;
				CLANG_WARN_OBJC_LITERAL_CONVERSION = YES;
				CLANG_WARN_OBJC_ROOT_CLASS = YES_ERROR;
				CLANG_WARN_QUOTED_INCLUDE_IN_FRAMEWORK_HEADER = YES;
				CLANG_WARN_RANGE_LOOP_ANALYSIS = YES;
				CLANG_WARN_STRICT_PROTOTYPES = YES;
				CLANG_WARN_SUSPICIOUS_MOVE = YES;
				CLANG_WARN_UNGUARDED_AVAILABILITY = YES_AGGRESSIVE;
				CLANG_WARN_UNREACHABLE_CODE = YES;
				CLANG_WARN__DUPLICATE_METHOD_MATCH = YES;
				COPY_PHASE_STRIP = NO;
				DEBUG_INFORMATION_FORMAT = dwarf;
				ENABLE_STRICT_OBJC_MSGSEND = YES;
				ENABLE_TESTABILITY = YES;
				GCC_C_LANGUAGE_STANDARD = gnu11;
				GCC_DYNAMIC_NO_PIC = NO;
				GCC_NO_COMMON_BLOCKS = YES;
				GCC_OPTIMIZATION_LEVEL = 0;
				GCC_PREPROCESSOR_DEFINITIONS = (
					"DEBUG=1",
					"$(inherited)",
				);
				GCC_WARN_64_TO_32_BIT_CONVERSION = YES;
				GCC_WARN_ABOUT_RETURN_TYPE = YES_ERROR;
				GCC_WARN_UNDECLARED_SELECTOR = YES;
				GCC_WARN_UNINITIALIZED_AUTOS = YES_AGGRESSIVE;
				GCC_WARN_UNUSED_FUNCTION = YES;
				GCC_WARN_UNUSED_VARIABLE = YES;
				IPHONEOS_DEPLOYMENT_TARGET = 14.4;
				MTL_ENABLE_DEBUG_INFO = INCLUDE_SOURCE;
				MTL_FAST_MATH = YES;
				ONLY_ACTIVE_ARCH = YES;
				SDKROOT = iphoneos;
				SWIFT_ACTIVE_COMPILATION_CONDITIONS = DEBUG;
				SWIFT_OPTIMIZATION_LEVEL = "-Onone";
			};
			name = Debug;
		};
		8DF1180D26EBCD04001D5067 /* Release */ = {
			isa = XCBuildConfiguration;
			buildSettings = {
				ALWAYS_SEARCH_USER_PATHS = NO;
				CLANG_ANALYZER_NONNULL = YES;
				CLANG_ANALYZER_NUMBER_OBJECT_CONVERSION = YES_AGGRESSIVE;
				CLANG_CXX_LANGUAGE_STANDARD = "gnu++14";
				CLANG_CXX_LIBRARY = "libc++";
				CLANG_ENABLE_MODULES = YES;
				CLANG_ENABLE_OBJC_ARC = YES;
				CLANG_ENABLE_OBJC_WEAK = YES;
				CLANG_WARN_BLOCK_CAPTURE_AUTORELEASING = YES;
				CLANG_WARN_BOOL_CONVERSION = YES;
				CLANG_WARN_COMMA = YES;
				CLANG_WARN_CONSTANT_CONVERSION = YES;
				CLANG_WARN_DEPRECATED_OBJC_IMPLEMENTATIONS = YES;
				CLANG_WARN_DIRECT_OBJC_ISA_USAGE = YES_ERROR;
				CLANG_WARN_DOCUMENTATION_COMMENTS = YES;
				CLANG_WARN_EMPTY_BODY = YES;
				CLANG_WARN_ENUM_CONVERSION = YES;
				CLANG_WARN_INFINITE_RECURSION = YES;
				CLANG_WARN_INT_CONVERSION = YES;
				CLANG_WARN_NON_LITERAL_NULL_CONVERSION = YES;
				CLANG_WARN_OBJC_IMPLICIT_RETAIN_SELF = YES;
				CLANG_WARN_OBJC_LITERAL_CONVERSION = YES;
				CLANG_WARN_OBJC_ROOT_CLASS = YES_ERROR;
				CLANG_WARN_QUOTED_INCLUDE_IN_FRAMEWORK_HEADER = YES;
				CLANG_WARN_RANGE_LOOP_ANALYSIS = YES;
				CLANG_WARN_STRICT_PROTOTYPES = YES;
				CLANG_WARN_SUSPICIOUS_MOVE = YES;
				CLANG_WARN_UNGUARDED_AVAILABILITY = YES_AGGRESSIVE;
				CLANG_WARN_UNREACHABLE_CODE = YES;
				CLANG_WARN__DUPLICATE_METHOD_MATCH = YES;
				COPY_PHASE_STRIP = NO;
				DEBUG_INFORMATION_FORMAT = "dwarf-with-dsym";
				ENABLE_NS_ASSERTIONS = NO;
				ENABLE_STRICT_OBJC_MSGSEND = YES;
				GCC_C_LANGUAGE_STANDARD = gnu11;
				GCC_NO_COMMON_BLOCKS = YES;
				GCC_WARN_64_TO_32_BIT_CONVERSION = YES;
				GCC_WARN_ABOUT_RETURN_TYPE = YES_ERROR;
				GCC_WARN_UNDECLARED_SELECTOR = YES;
				GCC_WARN_UNINITIALIZED_AUTOS = YES_AGGRESSIVE;
				GCC_WARN_UNUSED_FUNCTION = YES;
				GCC_WARN_UNUSED_VARIABLE = YES;
				IPHONEOS_DEPLOYMENT_TARGET = 14.4;
				MTL_ENABLE_DEBUG_INFO = NO;
				MTL_FAST_MATH = YES;
				SDKROOT = iphoneos;
				SWIFT_COMPILATION_MODE = wholemodule;
				SWIFT_OPTIMIZATION_LEVEL = "-O";
				VALIDATE_PRODUCT = YES;
			};
			name = Release;
		};
		8DF1180F26EBCD04001D5067 /* Debug */ = {
			isa = XCBuildConfiguration;
			buildSettings = {
				ASSETCATALOG_COMPILER_APPICON_NAME = AppIcon;
				ASSETCATALOG_COMPILER_GLOBAL_ACCENT_COLOR_NAME = AccentColor;
				CODE_SIGN_STYLE = Automatic;
				DEVELOPMENT_ASSET_PATHS = "\"LearnUnitTest/Preview Content\"";
				DEVELOPMENT_TEAM = B2Q8EGNCQA;
				ENABLE_PREVIEWS = YES;
				INFOPLIST_FILE = LearnUnitTest/Info.plist;
				LD_RUNPATH_SEARCH_PATHS = (
					"$(inherited)",
					"@executable_path/Frameworks",
				);
				PRODUCT_BUNDLE_IDENTIFIER = com.azamsharp.LearnUnitTest;
				PRODUCT_NAME = "$(TARGET_NAME)";
				SWIFT_VERSION = 5.0;
				TARGETED_DEVICE_FAMILY = "1,2";
			};
			name = Debug;
		};
		8DF1181026EBCD04001D5067 /* Release */ = {
			isa = XCBuildConfiguration;
			buildSettings = {
				ASSETCATALOG_COMPILER_APPICON_NAME = AppIcon;
				ASSETCATALOG_COMPILER_GLOBAL_ACCENT_COLOR_NAME = AccentColor;
				CODE_SIGN_STYLE = Automatic;
				DEVELOPMENT_ASSET_PATHS = "\"LearnUnitTest/Preview Content\"";
				DEVELOPMENT_TEAM = B2Q8EGNCQA;
				ENABLE_PREVIEWS = YES;
				INFOPLIST_FILE = LearnUnitTest/Info.plist;
				LD_RUNPATH_SEARCH_PATHS = (
					"$(inherited)",
					"@executable_path/Frameworks",
				);
				PRODUCT_BUNDLE_IDENTIFIER = com.azamsharp.LearnUnitTest;
				PRODUCT_NAME = "$(TARGET_NAME)";
				SWIFT_VERSION = 5.0;
				TARGETED_DEVICE_FAMILY = "1,2";
			};
			name = Release;
		};
		8DF1184E26ED1701001D5067 /* Debug */ = {
			isa = XCBuildConfiguration;
			buildSettings = {
				CODE_SIGN_STYLE = Automatic;
				DEVELOPMENT_TEAM = B2Q8EGNCQA;
				INFOPLIST_FILE = TodoUnitTestUITests/Info.plist;
				LD_RUNPATH_SEARCH_PATHS = (
					"$(inherited)",
					"@executable_path/Frameworks",
					"@loader_path/Frameworks",
				);
				PRODUCT_BUNDLE_IDENTIFIER = com.azamsharp.TodoUnitTestUITests;
				PRODUCT_NAME = "$(TARGET_NAME)";
				SWIFT_VERSION = 5.0;
				TARGETED_DEVICE_FAMILY = "1,2";
				TEST_TARGET_NAME = LearnUnitTest;
			};
			name = Debug;
		};
		8DF1184F26ED1701001D5067 /* Release */ = {
			isa = XCBuildConfiguration;
			buildSettings = {
				CODE_SIGN_STYLE = Automatic;
				DEVELOPMENT_TEAM = B2Q8EGNCQA;
				INFOPLIST_FILE = TodoUnitTestUITests/Info.plist;
				LD_RUNPATH_SEARCH_PATHS = (
					"$(inherited)",
					"@executable_path/Frameworks",
					"@loader_path/Frameworks",
				);
				PRODUCT_BUNDLE_IDENTIFIER = com.azamsharp.TodoUnitTestUITests;
				PRODUCT_NAME = "$(TARGET_NAME)";
				SWIFT_VERSION = 5.0;
				TARGETED_DEVICE_FAMILY = "1,2";
				TEST_TARGET_NAME = LearnUnitTest;
			};
			name = Release;
		};
/* End XCBuildConfiguration section */

/* Begin XCConfigurationList section */
		8DF117F526EBCCFE001D5067 /* Build configuration list for PBXProject "LearnUnitTest" */ = {
			isa = XCConfigurationList;
			buildConfigurations = (
				8DF1180C26EBCD04001D5067 /* Debug */,
				8DF1180D26EBCD04001D5067 /* Release */,
			);
			defaultConfigurationIsVisible = 0;
			defaultConfigurationName = Release;
		};
		8DF1180E26EBCD04001D5067 /* Build configuration list for PBXNativeTarget "LearnUnitTest" */ = {
			isa = XCConfigurationList;
			buildConfigurations = (
				8DF1180F26EBCD04001D5067 /* Debug */,
				8DF1181026EBCD04001D5067 /* Release */,
			);
			defaultConfigurationIsVisible = 0;
			defaultConfigurationName = Release;
		};
		8DF1184D26ED1701001D5067 /* Build configuration list for PBXNativeTarget "TodoUnitTestUITests" */ = {
			isa = XCConfigurationList;
			buildConfigurations = (
				8DF1184E26ED1701001D5067 /* Debug */,
				8DF1184F26ED1701001D5067 /* Release */,
			);
			defaultConfigurationIsVisible = 0;
			defaultConfigurationName = Release;
		};
/* End XCConfigurationList section */
	};
	rootObject = 8DF117F226EBCCFE001D5067 /* Project object */;
}
