// !$*UTF8*$!
{
	archiveVersion = 1;
	classes = {
	};
	objectVersion = 55;
	objects = {

/* Begin PBXBuildFile section */
		6C56769F27F3F388006CD310 /* FixedSizeGrid.swift in Sources */ = {isa = PBXBuildFile; fileRef = 6C56769E27F3F388006CD310 /* FixedSizeGrid.swift */; };
		6C5676A127F3F3F2006CD310 /* FlexibleRowGrid.swift in Sources */ = {isa = PBXBuildFile; fileRef = 6C5676A027F3F3F2006CD310 /* FlexibleRowGrid.swift */; };
		6C5676A327F3F459006CD310 /* AdaptableGrid.swift in Sources */ = {isa = PBXBuildFile; fileRef = 6C5676A227F3F459006CD310 /* AdaptableGrid.swift */; };
		6C5676A527F4039D006CD310 /* PushInViews.swift in Sources */ = {isa = PBXBuildFile; fileRef = 6C5676A427F4039D006CD310 /* PushInViews.swift */; };
		6C5676A727F415FF006CD310 /* HeroAnimation.swift in Sources */ = {isa = PBXBuildFile; fileRef = 6C5676A627F415FF006CD310 /* HeroAnimation.swift */; };
		6C5676AA27F41931006CD310 /* GeometryEffectFlip.swift in Sources */ = {isa = PBXBuildFile; fileRef = 6C5676A927F41931006CD310 /* GeometryEffectFlip.swift */; };
		6C5676AC27F41A40006CD310 /* GeometryEffectZoom.swift in Sources */ = {isa = PBXBuildFile; fileRef = 6C5676AB27F41A40006CD310 /* GeometryEffectZoom.swift */; };
		6C5676AE27F41B2F006CD310 /* MyHeroAnimation.swift in Sources */ = {isa = PBXBuildFile; fileRef = 6C5676AD27F41B2F006CD310 /* MyHeroAnimation.swift */; };
		6C5676B027F41C71006CD310 /* TagViews.swift in Sources */ = {isa = PBXBuildFile; fileRef = 6C5676AF27F41C71006CD310 /* TagViews.swift */; };
		6C5676B327F42047006CD310 /* MagnifyView.swift in Sources */ = {isa = PBXBuildFile; fileRef = 6C5676B227F42047006CD310 /* MagnifyView.swift */; };
		6C95ABEB27F555C900D24D58 /* RotateView.swift in Sources */ = {isa = PBXBuildFile; fileRef = 6C95ABEA27F555C900D24D58 /* RotateView.swift */; };
		6C95ABEF27F5566E00D24D58 /* DragView.swift in Sources */ = {isa = PBXBuildFile; fileRef = 6C95ABEE27F5566E00D24D58 /* DragView.swift */; };
		6C95ABF127F5580B00D24D58 /* ThreeDimensionalRotationEffect.swift in Sources */ = {isa = PBXBuildFile; fileRef = 6C95ABF027F5580B00D24D58 /* ThreeDimensionalRotationEffect.swift */; };
		6C95ABF427F55A8C00D24D58 /* Bindings.swift in Sources */ = {isa = PBXBuildFile; fileRef = 6C95ABF327F55A8C00D24D58 /* Bindings.swift */; };
		6C95ABF627F55B9D00D24D58 /* GlobalState.swift in Sources */ = {isa = PBXBuildFile; fileRef = 6C95ABF527F55B9D00D24D58 /* GlobalState.swift */; };
		6C95ABF827F8221000D24D58 /* GeometryCard.swift in Sources */ = {isa = PBXBuildFile; fileRef = 6C95ABF727F8221000D24D58 /* GeometryCard.swift */; };
		6C98D52C27F94F00008BA017 /* RoundedCornersView.swift in Sources */ = {isa = PBXBuildFile; fileRef = 6C98D52B27F94F00008BA017 /* RoundedCornersView.swift */; };
		6C98D52E27F94F31008BA017 /* RoundedCorerWithClipShape.swift in Sources */ = {isa = PBXBuildFile; fileRef = 6C98D52D27F94F31008BA017 /* RoundedCorerWithClipShape.swift */; };
		6C98D53027F94FC0008BA017 /* SwiftUIShapes.swift in Sources */ = {isa = PBXBuildFile; fileRef = 6C98D52F27F94FC0008BA017 /* SwiftUIShapes.swift */; };
		6C98D53227F95040008BA017 /* LineGraph.swift in Sources */ = {isa = PBXBuildFile; fileRef = 6C98D53127F95040008BA017 /* LineGraph.swift */; };
		6C98D53427F95E5E008BA017 /* BarChartView.swift in Sources */ = {isa = PBXBuildFile; fileRef = 6C98D53327F95E5E008BA017 /* BarChartView.swift */; };
		6C98D53627F960BE008BA017 /* RatingView.swift in Sources */ = {isa = PBXBuildFile; fileRef = 6C98D53527F960BE008BA017 /* RatingView.swift */; };
		6C98D53827F961E4008BA017 /* BlurEffect.swift in Sources */ = {isa = PBXBuildFile; fileRef = 6C98D53727F961E4008BA017 /* BlurEffect.swift */; };
		6C98D53A27F96255008BA017 /* VisualEffectView.swift in Sources */ = {isa = PBXBuildFile; fileRef = 6C98D53927F96255008BA017 /* VisualEffectView.swift */; };
		6CBEEAD027F9489100B88F91 /* OptionalBindingView.swift in Sources */ = {isa = PBXBuildFile; fileRef = 6CBEEACF27F9489100B88F91 /* OptionalBindingView.swift */; };
		6CBEEAD227F9490100B88F91 /* OnChangeView.swift in Sources */ = {isa = PBXBuildFile; fileRef = 6CBEEAD127F9490100B88F91 /* OnChangeView.swift */; };
		6CBEEAD427F9499A00B88F91 /* ListenToNotificationChanges.swift in Sources */ = {isa = PBXBuildFile; fileRef = 6CBEEAD327F9499A00B88F91 /* ListenToNotificationChanges.swift */; };
		6CBEEAD627F94A8E00B88F91 /* ImageLoaderView.swift in Sources */ = {isa = PBXBuildFile; fileRef = 6CBEEAD527F94A8E00B88F91 /* ImageLoaderView.swift */; };
		6CBEEAD827F94CCB00B88F91 /* AppStorageView.swift in Sources */ = {isa = PBXBuildFile; fileRef = 6CBEEAD727F94CCB00B88F91 /* AppStorageView.swift */; };
		6CBEEADB27F94D6200B88F91 /* LinearGradientView.swift in Sources */ = {isa = PBXBuildFile; fileRef = 6CBEEADA27F94D6200B88F91 /* LinearGradientView.swift */; };
		6CBEEADD27F94DD700B88F91 /* RadialGradientView.swift in Sources */ = {isa = PBXBuildFile; fileRef = 6CBEEADC27F94DD700B88F91 /* RadialGradientView.swift */; };
		6CBEEADF27F94E4200B88F91 /* AngularGradientView.swift in Sources */ = {isa = PBXBuildFile; fileRef = 6CBEEADE27F94E4200B88F91 /* AngularGradientView.swift */; };
		6CE81C6327F1457E006BFB6F /* SwiftuIListsApp.swift in Sources */ = {isa = PBXBuildFile; fileRef = 6CE81C6227F1457E006BFB6F /* SwiftuIListsApp.swift */; };
		6CE81C6527F1457E006BFB6F /* ContentView.swift in Sources */ = {isa = PBXBuildFile; fileRef = 6CE81C6427F1457E006BFB6F /* ContentView.swift */; };
		6CE81C6727F1457F006BFB6F /* Assets.xcassets in Resources */ = {isa = PBXBuildFile; fileRef = 6CE81C6627F1457F006BFB6F /* Assets.xcassets */; };
		6CE81C6A27F1457F006BFB6F /* Preview Assets.xcassets in Resources */ = {isa = PBXBuildFile; fileRef = 6CE81C6927F1457F006BFB6F /* Preview Assets.xcassets */; };
		6CE81C7227F145D3006BFB6F /* ListWithRangeOperator.swift in Sources */ = {isa = PBXBuildFile; fileRef = 6CE81C7127F145D3006BFB6F /* ListWithRangeOperator.swift */; };
		6CE81C7427F14613006BFB6F /* ListWithCustomObject.swift in Sources */ = {isa = PBXBuildFile; fileRef = 6CE81C7327F14613006BFB6F /* ListWithCustomObject.swift */; };
		6CE81C7627F1468F006BFB6F /* ListWithIndices.swift in Sources */ = {isa = PBXBuildFile; fileRef = 6CE81C7527F1468F006BFB6F /* ListWithIndices.swift */; };
		6CE81C7827F147A1006BFB6F /* AddRemoveMove.swift in Sources */ = {isa = PBXBuildFile; fileRef = 6CE81C7727F147A1006BFB6F /* AddRemoveMove.swift */; };
		6CE81D0027F1A981006BFB6F /* GroupedList.swift in Sources */ = {isa = PBXBuildFile; fileRef = 6CE81CFF27F1A981006BFB6F /* GroupedList.swift */; };
		6CE81D0227F1AA7C006BFB6F /* BackgroundList.swift in Sources */ = {isa = PBXBuildFile; fileRef = 6CE81D0127F1AA7C006BFB6F /* BackgroundList.swift */; };
		6CE81D0427F1AB63006BFB6F /* LazyVStackList.swift in Sources */ = {isa = PBXBuildFile; fileRef = 6CE81D0327F1AB63006BFB6F /* LazyVStackList.swift */; };
		6CE81D0627F1AC09006BFB6F /* PullToRefresh.swift in Sources */ = {isa = PBXBuildFile; fileRef = 6CE81D0527F1AC09006BFB6F /* PullToRefresh.swift */; };
		6CE81D0827F1ACB9006BFB6F /* FilteringResults.swift in Sources */ = {isa = PBXBuildFile; fileRef = 6CE81D0727F1ACB9006BFB6F /* FilteringResults.swift */; };
		6CE81D0A27F1AEB7006BFB6F /* ClickableWholeRow.swift in Sources */ = {isa = PBXBuildFile; fileRef = 6CE81D0927F1AEB7006BFB6F /* ClickableWholeRow.swift */; };
		6CE81D0C27F1AF62006BFB6F /* AutoScrollList.swift in Sources */ = {isa = PBXBuildFile; fileRef = 6CE81D0B27F1AF62006BFB6F /* AutoScrollList.swift */; };
		6CE81D0E27F1AFC0006BFB6F /* SwipeAction.swift in Sources */ = {isa = PBXBuildFile; fileRef = 6CE81D0D27F1AFC0006BFB6F /* SwipeAction.swift */; };
		6CE81D1027F1B092006BFB6F /* SelectMultipleItem.swift in Sources */ = {isa = PBXBuildFile; fileRef = 6CE81D0F27F1B092006BFB6F /* SelectMultipleItem.swift */; };
		6CE81D1227F1B15D006BFB6F /* CollapsibleHeader.swift in Sources */ = {isa = PBXBuildFile; fileRef = 6CE81D1127F1B15D006BFB6F /* CollapsibleHeader.swift */; };
		6CE81D1427F1B2EC006BFB6F /* InfiniteScrolling.swift in Sources */ = {isa = PBXBuildFile; fileRef = 6CE81D1327F1B2EC006BFB6F /* InfiniteScrolling.swift */; };
		6CE81D1627F1B498006BFB6F /* CheckBoxList.swift in Sources */ = {isa = PBXBuildFile; fileRef = 6CE81D1527F1B498006BFB6F /* CheckBoxList.swift */; };
		6CE81D1827F1B5AB006BFB6F /* RadioButtonList.swift in Sources */ = {isa = PBXBuildFile; fileRef = 6CE81D1727F1B5AB006BFB6F /* RadioButtonList.swift */; };
		6CE81D1D27F1B886006BFB6F /* PinnedView.swift in Sources */ = {isa = PBXBuildFile; fileRef = 6CE81D1C27F1B886006BFB6F /* PinnedView.swift */; };
/* End PBXBuildFile section */

/* Begin PBXFileReference section */
		6C56769E27F3F388006CD310 /* FixedSizeGrid.swift */ = {isa = PBXFileReference; lastKnownFileType = sourcecode.swift; path = FixedSizeGrid.swift; sourceTree = "<group>"; };
		6C5676A027F3F3F2006CD310 /* FlexibleRowGrid.swift */ = {isa = PBXFileReference; lastKnownFileType = sourcecode.swift; path = FlexibleRowGrid.swift; sourceTree = "<group>"; };
		6C5676A227F3F459006CD310 /* AdaptableGrid.swift */ = {isa = PBXFileReference; lastKnownFileType = sourcecode.swift; path = AdaptableGrid.swift; sourceTree = "<group>"; };
		6C5676A427F4039D006CD310 /* PushInViews.swift */ = {isa = PBXFileReference; lastKnownFileType = sourcecode.swift; path = PushInViews.swift; sourceTree = "<group>"; };
		6C5676A627F415FF006CD310 /* HeroAnimation.swift */ = {isa = PBXFileReference; lastKnownFileType = sourcecode.swift; path = HeroAnimation.swift; sourceTree = "<group>"; };
		6C5676A927F41931006CD310 /* GeometryEffectFlip.swift */ = {isa = PBXFileReference; lastKnownFileType = sourcecode.swift; path = GeometryEffectFlip.swift; sourceTree = "<group>"; };
		6C5676AB27F41A40006CD310 /* GeometryEffectZoom.swift */ = {isa = PBXFileReference; lastKnownFileType = sourcecode.swift; path = GeometryEffectZoom.swift; sourceTree = "<group>"; };
		6C5676AD27F41B2F006CD310 /* MyHeroAnimation.swift */ = {isa = PBXFileReference; lastKnownFileType = sourcecode.swift; path = MyHeroAnimation.swift; sourceTree = "<group>"; };
		6C5676AF27F41C71006CD310 /* TagViews.swift */ = {isa = PBXFileReference; lastKnownFileType = sourcecode.swift; path = TagViews.swift; sourceTree = "<group>"; };
		6C5676B227F42047006CD310 /* MagnifyView.swift */ = {isa = PBXFileReference; lastKnownFileType = sourcecode.swift; path = MagnifyView.swift; sourceTree = "<group>"; };
		6C95ABEA27F555C900D24D58 /* RotateView.swift */ = {isa = PBXFileReference; lastKnownFileType = sourcecode.swift; path = RotateView.swift; sourceTree = "<group>"; };
		6C95ABEE27F5566E00D24D58 /* DragView.swift */ = {isa = PBXFileReference; lastKnownFileType = sourcecode.swift; path = DragView.swift; sourceTree = "<group>"; };
		6C95ABF027F5580B00D24D58 /* ThreeDimensionalRotationEffect.swift */ = {isa = PBXFileReference; lastKnownFileType = sourcecode.swift; path = ThreeDimensionalRotationEffect.swift; sourceTree = "<group>"; };
		6C95ABF327F55A8C00D24D58 /* Bindings.swift */ = {isa = PBXFileReference; lastKnownFileType = sourcecode.swift; path = Bindings.swift; sourceTree = "<group>"; };
		6C95ABF527F55B9D00D24D58 /* GlobalState.swift */ = {isa = PBXFileReference; lastKnownFileType = sourcecode.swift; path = GlobalState.swift; sourceTree = "<group>"; };
		6C95ABF727F8221000D24D58 /* GeometryCard.swift */ = {isa = PBXFileReference; lastKnownFileType = sourcecode.swift; path = GeometryCard.swift; sourceTree = "<group>"; };
		6C98D52B27F94F00008BA017 /* RoundedCornersView.swift */ = {isa = PBXFileReference; lastKnownFileType = sourcecode.swift; path = RoundedCornersView.swift; sourceTree = "<group>"; };
		6C98D52D27F94F31008BA017 /* RoundedCorerWithClipShape.swift */ = {isa = PBXFileReference; lastKnownFileType = sourcecode.swift; path = RoundedCorerWithClipShape.swift; sourceTree = "<group>"; };
		6C98D52F27F94FC0008BA017 /* SwiftUIShapes.swift */ = {isa = PBXFileReference; lastKnownFileType = sourcecode.swift; path = SwiftUIShapes.swift; sourceTree = "<group>"; };
		6C98D53127F95040008BA017 /* LineGraph.swift */ = {isa = PBXFileReference; lastKnownFileType = sourcecode.swift; path = LineGraph.swift; sourceTree = "<group>"; };
		6C98D53327F95E5E008BA017 /* BarChartView.swift */ = {isa = PBXFileReference; lastKnownFileType = sourcecode.swift; path = BarChartView.swift; sourceTree = "<group>"; };
		6C98D53527F960BE008BA017 /* RatingView.swift */ = {isa = PBXFileReference; lastKnownFileType = sourcecode.swift; path = RatingView.swift; sourceTree = "<group>"; };
		6C98D53727F961E4008BA017 /* BlurEffect.swift */ = {isa = PBXFileReference; lastKnownFileType = sourcecode.swift; path = BlurEffect.swift; sourceTree = "<group>"; };
		6C98D53927F96255008BA017 /* VisualEffectView.swift */ = {isa = PBXFileReference; lastKnownFileType = sourcecode.swift; path = VisualEffectView.swift; sourceTree = "<group>"; };
		6CBEEACF27F9489100B88F91 /* OptionalBindingView.swift */ = {isa = PBXFileReference; lastKnownFileType = sourcecode.swift; path = OptionalBindingView.swift; sourceTree = "<group>"; };
		6CBEEAD127F9490100B88F91 /* OnChangeView.swift */ = {isa = PBXFileReference; lastKnownFileType = sourcecode.swift; path = OnChangeView.swift; sourceTree = "<group>"; };
		6CBEEAD327F9499A00B88F91 /* ListenToNotificationChanges.swift */ = {isa = PBXFileReference; lastKnownFileType = sourcecode.swift; path = ListenToNotificationChanges.swift; sourceTree = "<group>"; };
		6CBEEAD527F94A8E00B88F91 /* ImageLoaderView.swift */ = {isa = PBXFileReference; lastKnownFileType = sourcecode.swift; path = ImageLoaderView.swift; sourceTree = "<group>"; };
		6CBEEAD727F94CCB00B88F91 /* AppStorageView.swift */ = {isa = PBXFileReference; lastKnownFileType = sourcecode.swift; path = AppStorageView.swift; sourceTree = "<group>"; };
		6CBEEADA27F94D6200B88F91 /* LinearGradientView.swift */ = {isa = PBXFileReference; lastKnownFileType = sourcecode.swift; path = LinearGradientView.swift; sourceTree = "<group>"; };
		6CBEEADC27F94DD700B88F91 /* RadialGradientView.swift */ = {isa = PBXFileReference; lastKnownFileType = sourcecode.swift; path = RadialGradientView.swift; sourceTree = "<group>"; };
		6CBEEADE27F94E4200B88F91 /* AngularGradientView.swift */ = {isa = PBXFileReference; lastKnownFileType = sourcecode.swift; path = AngularGradientView.swift; sourceTree = "<group>"; };
		6CE81C5F27F1457E006BFB6F /* SwiftuILists.app */ = {isa = PBXFileReference; explicitFileType = wrapper.application; includeInIndex = 0; path = SwiftuILists.app; sourceTree = BUILT_PRODUCTS_DIR; };
		6CE81C6227F1457E006BFB6F /* SwiftuIListsApp.swift */ = {isa = PBXFileReference; lastKnownFileType = sourcecode.swift; path = SwiftuIListsApp.swift; sourceTree = "<group>"; };
		6CE81C6427F1457E006BFB6F /* ContentView.swift */ = {isa = PBXFileReference; lastKnownFileType = sourcecode.swift; path = ContentView.swift; sourceTree = "<group>"; };
		6CE81C6627F1457F006BFB6F /* Assets.xcassets */ = {isa = PBXFileReference; lastKnownFileType = folder.assetcatalog; path = Assets.xcassets; sourceTree = "<group>"; };
		6CE81C6927F1457F006BFB6F /* Preview Assets.xcassets */ = {isa = PBXFileReference; lastKnownFileType = folder.assetcatalog; path = "Preview Assets.xcassets"; sourceTree = "<group>"; };
		6CE81C7127F145D3006BFB6F /* ListWithRangeOperator.swift */ = {isa = PBXFileReference; lastKnownFileType = sourcecode.swift; path = ListWithRangeOperator.swift; sourceTree = "<group>"; };
		6CE81C7327F14613006BFB6F /* ListWithCustomObject.swift */ = {isa = PBXFileReference; lastKnownFileType = sourcecode.swift; path = ListWithCustomObject.swift; sourceTree = "<group>"; };
		6CE81C7527F1468F006BFB6F /* ListWithIndices.swift */ = {isa = PBXFileReference; lastKnownFileType = sourcecode.swift; path = ListWithIndices.swift; sourceTree = "<group>"; };
		6CE81C7727F147A1006BFB6F /* AddRemoveMove.swift */ = {isa = PBXFileReference; lastKnownFileType = sourcecode.swift; path = AddRemoveMove.swift; sourceTree = "<group>"; };
		6CE81CFF27F1A981006BFB6F /* GroupedList.swift */ = {isa = PBXFileReference; lastKnownFileType = sourcecode.swift; path = GroupedList.swift; sourceTree = "<group>"; };
		6CE81D0127F1AA7C006BFB6F /* BackgroundList.swift */ = {isa = PBXFileReference; lastKnownFileType = sourcecode.swift; path = BackgroundList.swift; sourceTree = "<group>"; };
		6CE81D0327F1AB63006BFB6F /* LazyVStackList.swift */ = {isa = PBXFileReference; lastKnownFileType = sourcecode.swift; path = LazyVStackList.swift; sourceTree = "<group>"; };
		6CE81D0527F1AC09006BFB6F /* PullToRefresh.swift */ = {isa = PBXFileReference; lastKnownFileType = sourcecode.swift; path = PullToRefresh.swift; sourceTree = "<group>"; };
		6CE81D0727F1ACB9006BFB6F /* FilteringResults.swift */ = {isa = PBXFileReference; lastKnownFileType = sourcecode.swift; path = FilteringResults.swift; sourceTree = "<group>"; };
		6CE81D0927F1AEB7006BFB6F /* ClickableWholeRow.swift */ = {isa = PBXFileReference; lastKnownFileType = sourcecode.swift; path = ClickableWholeRow.swift; sourceTree = "<group>"; };
		6CE81D0B27F1AF62006BFB6F /* AutoScrollList.swift */ = {isa = PBXFileReference; lastKnownFileType = sourcecode.swift; path = AutoScrollList.swift; sourceTree = "<group>"; };
		6CE81D0D27F1AFC0006BFB6F /* SwipeAction.swift */ = {isa = PBXFileReference; lastKnownFileType = sourcecode.swift; path = SwipeAction.swift; sourceTree = "<group>"; };
		6CE81D0F27F1B092006BFB6F /* SelectMultipleItem.swift */ = {isa = PBXFileReference; lastKnownFileType = sourcecode.swift; path = SelectMultipleItem.swift; sourceTree = "<group>"; };
		6CE81D1127F1B15D006BFB6F /* CollapsibleHeader.swift */ = {isa = PBXFileReference; lastKnownFileType = sourcecode.swift; path = CollapsibleHeader.swift; sourceTree = "<group>"; };
		6CE81D1327F1B2EC006BFB6F /* InfiniteScrolling.swift */ = {isa = PBXFileReference; lastKnownFileType = sourcecode.swift; path = InfiniteScrolling.swift; sourceTree = "<group>"; };
		6CE81D1527F1B498006BFB6F /* CheckBoxList.swift */ = {isa = PBXFileReference; lastKnownFileType = sourcecode.swift; path = CheckBoxList.swift; sourceTree = "<group>"; };
		6CE81D1727F1B5AB006BFB6F /* RadioButtonList.swift */ = {isa = PBXFileReference; lastKnownFileType = sourcecode.swift; path = RadioButtonList.swift; sourceTree = "<group>"; };
		6CE81D1C27F1B886006BFB6F /* PinnedView.swift */ = {isa = PBXFileReference; lastKnownFileType = sourcecode.swift; path = PinnedView.swift; sourceTree = "<group>"; };
/* End PBXFileReference section */

/* Begin PBXFrameworksBuildPhase section */
		6CE81C5C27F1457E006BFB6F /* Frameworks */ = {
			isa = PBXFrameworksBuildPhase;
			buildActionMask = 2147483647;
			files = (
			);
			runOnlyForDeploymentPostprocessing = 0;
		};
/* End PBXFrameworksBuildPhase section */

/* Begin PBXGroup section */
		6C5676A827F41929006CD310 /* Animations */ = {
			isa = PBXGroup;
			children = (
				6C5676A927F41931006CD310 /* GeometryEffectFlip.swift */,
				6C5676AB27F41A40006CD310 /* GeometryEffectZoom.swift */,
				6C5676AD27F41B2F006CD310 /* MyHeroAnimation.swift */,
				6C95ABF727F8221000D24D58 /* GeometryCard.swift */,
			);
			path = Animations;
			sourceTree = "<group>";
		};
		6C5676B127F42032006CD310 /* Gestures */ = {
			isa = PBXGroup;
			children = (
				6C5676B227F42047006CD310 /* MagnifyView.swift */,
				6C95ABEA27F555C900D24D58 /* RotateView.swift */,
				6C95ABEE27F5566E00D24D58 /* DragView.swift */,
				6C95ABF027F5580B00D24D58 /* ThreeDimensionalRotationEffect.swift */,
			);
			path = Gestures;
			sourceTree = "<group>";
		};
		6C95ABF227F55A8300D24D58 /* Dataflow */ = {
			isa = PBXGroup;
			children = (
				6C95ABF327F55A8C00D24D58 /* Bindings.swift */,
				6CBEEAD327F9499A00B88F91 /* ListenToNotificationChanges.swift */,
				6C95ABF527F55B9D00D24D58 /* GlobalState.swift */,
				6CBEEACF27F9489100B88F91 /* OptionalBindingView.swift */,
				6CBEEAD127F9490100B88F91 /* OnChangeView.swift */,
				6CBEEAD527F94A8E00B88F91 /* ImageLoaderView.swift */,
				6CBEEAD727F94CCB00B88F91 /* AppStorageView.swift */,
			);
			path = Dataflow;
			sourceTree = "<group>";
		};
		6C98D53B27F962F6008BA017 /* Navigation */ = {
			isa = PBXGroup;
			children = (
			);
			path = Navigation;
			sourceTree = "<group>";
		};
		6CBEEAD927F94D5600B88F91 /* Graphics */ = {
			isa = PBXGroup;
			children = (
				6CBEEADA27F94D6200B88F91 /* LinearGradientView.swift */,
				6CBEEADC27F94DD700B88F91 /* RadialGradientView.swift */,
				6CBEEADE27F94E4200B88F91 /* AngularGradientView.swift */,
				6C98D52B27F94F00008BA017 /* RoundedCornersView.swift */,
				6C98D52D27F94F31008BA017 /* RoundedCorerWithClipShape.swift */,
				6C98D52F27F94FC0008BA017 /* SwiftUIShapes.swift */,
				6C98D53127F95040008BA017 /* LineGraph.swift */,
				6C98D53327F95E5E008BA017 /* BarChartView.swift */,
				6C98D53527F960BE008BA017 /* RatingView.swift */,
				6C98D53727F961E4008BA017 /* BlurEffect.swift */,
				6C98D53927F96255008BA017 /* VisualEffectView.swift */,
			);
			path = Graphics;
			sourceTree = "<group>";
		};
		6CE81C5627F1457E006BFB6F = {
			isa = PBXGroup;
			children = (
				6C5676A427F4039D006CD310 /* PushInViews.swift */,
				6CE81C6127F1457E006BFB6F /* SwiftuILists */,
				6CE81C6027F1457E006BFB6F /* Products */,
			);
			sourceTree = "<group>";
		};
		6CE81C6027F1457E006BFB6F /* Products */ = {
			isa = PBXGroup;
			children = (
				6CE81C5F27F1457E006BFB6F /* SwiftuILists.app */,
			);
			name = Products;
			sourceTree = "<group>";
		};
		6CE81C6127F1457E006BFB6F /* SwiftuILists */ = {
			isa = PBXGroup;
			children = (
				6C98D53B27F962F6008BA017 /* Navigation */,
				6CBEEAD927F94D5600B88F91 /* Graphics */,
				6C95ABF227F55A8300D24D58 /* Dataflow */,
				6C5676B127F42032006CD310 /* Gestures */,
				6C5676A827F41929006CD310 /* Animations */,
				6CE81D1927F1B64B006BFB6F /* Grid */,
				6CE81C7027F145C7006BFB6F /* Lists */,
				6CE81C6227F1457E006BFB6F /* SwiftuIListsApp.swift */,
				6CE81C6427F1457E006BFB6F /* ContentView.swift */,
				6CE81C6627F1457F006BFB6F /* Assets.xcassets */,
				6CE81C6827F1457F006BFB6F /* Preview Content */,
			);
			path = SwiftuILists;
			sourceTree = "<group>";
		};
		6CE81C6827F1457F006BFB6F /* Preview Content */ = {
			isa = PBXGroup;
			children = (
				6CE81C6927F1457F006BFB6F /* Preview Assets.xcassets */,
			);
			path = "Preview Content";
			sourceTree = "<group>";
		};
		6CE81C7027F145C7006BFB6F /* Lists */ = {
			isa = PBXGroup;
			children = (
				6CE81C7127F145D3006BFB6F /* ListWithRangeOperator.swift */,
				6CE81C7327F14613006BFB6F /* ListWithCustomObject.swift */,
				6CE81C7527F1468F006BFB6F /* ListWithIndices.swift */,
				6CE81C7727F147A1006BFB6F /* AddRemoveMove.swift */,
				6CE81CFF27F1A981006BFB6F /* GroupedList.swift */,
				6CE81D0127F1AA7C006BFB6F /* BackgroundList.swift */,
				6CE81D0327F1AB63006BFB6F /* LazyVStackList.swift */,
				6CE81D0527F1AC09006BFB6F /* PullToRefresh.swift */,
				6CE81D0727F1ACB9006BFB6F /* FilteringResults.swift */,
				6CE81D0927F1AEB7006BFB6F /* ClickableWholeRow.swift */,
				6CE81D0B27F1AF62006BFB6F /* AutoScrollList.swift */,
				6CE81D0D27F1AFC0006BFB6F /* SwipeAction.swift */,
				6CE81D0F27F1B092006BFB6F /* SelectMultipleItem.swift */,
				6CE81D1127F1B15D006BFB6F /* CollapsibleHeader.swift */,
				6CE81D1327F1B2EC006BFB6F /* InfiniteScrolling.swift */,
				6CE81D1527F1B498006BFB6F /* CheckBoxList.swift */,
				6CE81D1727F1B5AB006BFB6F /* RadioButtonList.swift */,
			);
			path = Lists;
			sourceTree = "<group>";
		};
		6CE81D1927F1B64B006BFB6F /* Grid */ = {
			isa = PBXGroup;
			children = (
				6CE81D1C27F1B886006BFB6F /* PinnedView.swift */,
				6C56769E27F3F388006CD310 /* FixedSizeGrid.swift */,
				6C5676A027F3F3F2006CD310 /* FlexibleRowGrid.swift */,
				6C5676A227F3F459006CD310 /* AdaptableGrid.swift */,
				6C5676A627F415FF006CD310 /* HeroAnimation.swift */,
				6C5676AF27F41C71006CD310 /* TagViews.swift */,
			);
			path = Grid;
			sourceTree = "<group>";
		};
/* End PBXGroup section */

/* Begin PBXNativeTarget section */
		6CE81C5E27F1457E006BFB6F /* SwiftuILists */ = {
			isa = PBXNativeTarget;
			buildConfigurationList = 6CE81C6D27F1457F006BFB6F /* Build configuration list for PBXNativeTarget "SwiftuILists" */;
			buildPhases = (
				6CE81C5B27F1457E006BFB6F /* Sources */,
				6CE81C5C27F1457E006BFB6F /* Frameworks */,
				6CE81C5D27F1457E006BFB6F /* Resources */,
			);
			buildRules = (
			);
			dependencies = (
			);
			name = SwiftuILists;
			productName = SwiftuILists;
			productReference = 6CE81C5F27F1457E006BFB6F /* SwiftuILists.app */;
			productType = "com.apple.product-type.application";
		};
/* End PBXNativeTarget section */

/* Begin PBXProject section */
		6CE81C5727F1457E006BFB6F /* Project object */ = {
			isa = PBXProject;
			attributes = {
				BuildIndependentTargetsInParallel = 1;
				LastSwiftUpdateCheck = 1320;
				LastUpgradeCheck = 1320;
				TargetAttributes = {
					6CE81C5E27F1457E006BFB6F = {
						CreatedOnToolsVersion = 13.2.1;
					};
				};
			};
			buildConfigurationList = 6CE81C5A27F1457E006BFB6F /* Build configuration list for PBXProject "SwiftuILists" */;
			compatibilityVersion = "Xcode 13.0";
			developmentRegion = en;
			hasScannedForEncodings = 0;
			knownRegions = (
				en,
				Base,
			);
			mainGroup = 6CE81C5627F1457E006BFB6F;
			productRefGroup = 6CE81C6027F1457E006BFB6F /* Products */;
			projectDirPath = "";
			projectRoot = "";
			targets = (
				6CE81C5E27F1457E006BFB6F /* SwiftuILists */,
			);
		};
/* End PBXProject section */

/* Begin PBXResourcesBuildPhase section */
		6CE81C5D27F1457E006BFB6F /* Resources */ = {
			isa = PBXResourcesBuildPhase;
			buildActionMask = 2147483647;
			files = (
				6CE81C6A27F1457F006BFB6F /* Preview Assets.xcassets in Resources */,
				6CE81C6727F1457F006BFB6F /* Assets.xcassets in Resources */,
			);
			runOnlyForDeploymentPostprocessing = 0;
		};
/* End PBXResourcesBuildPhase section */

/* Begin PBXSourcesBuildPhase section */
		6CE81C5B27F1457E006BFB6F /* Sources */ = {
			isa = PBXSourcesBuildPhase;
			buildActionMask = 2147483647;
			files = (
				6C5676B327F42047006CD310 /* MagnifyView.swift in Sources */,
				6CE81D1D27F1B886006BFB6F /* PinnedView.swift in Sources */,
				6C95ABEF27F5566E00D24D58 /* DragView.swift in Sources */,
				6C98D53827F961E4008BA017 /* BlurEffect.swift in Sources */,
				6C95ABF827F8221000D24D58 /* GeometryCard.swift in Sources */,
				6C98D53227F95040008BA017 /* LineGraph.swift in Sources */,
				6C5676A127F3F3F2006CD310 /* FlexibleRowGrid.swift in Sources */,
				6C5676AC27F41A40006CD310 /* GeometryEffectZoom.swift in Sources */,
				6CE81D0027F1A981006BFB6F /* GroupedList.swift in Sources */,
				6C5676A327F3F459006CD310 /* AdaptableGrid.swift in Sources */,
				6CE81D0827F1ACB9006BFB6F /* FilteringResults.swift in Sources */,
				6C5676B027F41C71006CD310 /* TagViews.swift in Sources */,
				6CE81D1627F1B498006BFB6F /* CheckBoxList.swift in Sources */,
				6CE81D0427F1AB63006BFB6F /* LazyVStackList.swift in Sources */,
				6CE81C7827F147A1006BFB6F /* AddRemoveMove.swift in Sources */,
				6CBEEAD627F94A8E00B88F91 /* ImageLoaderView.swift in Sources */,
				6C98D53027F94FC0008BA017 /* SwiftUIShapes.swift in Sources */,
				6CE81D1027F1B092006BFB6F /* SelectMultipleItem.swift in Sources */,
				6C95ABEB27F555C900D24D58 /* RotateView.swift in Sources */,
				6CBEEADB27F94D6200B88F91 /* LinearGradientView.swift in Sources */,
				6CBEEADD27F94DD700B88F91 /* RadialGradientView.swift in Sources */,
				6C5676A527F4039D006CD310 /* PushInViews.swift in Sources */,
				6CE81D1427F1B2EC006BFB6F /* InfiniteScrolling.swift in Sources */,
				6CE81D1227F1B15D006BFB6F /* CollapsibleHeader.swift in Sources */,
				6C56769F27F3F388006CD310 /* FixedSizeGrid.swift in Sources */,
				6CE81D1827F1B5AB006BFB6F /* RadioButtonList.swift in Sources */,
				6C98D52C27F94F00008BA017 /* RoundedCornersView.swift in Sources */,
				6CBEEADF27F94E4200B88F91 /* AngularGradientView.swift in Sources */,
				6C5676A727F415FF006CD310 /* HeroAnimation.swift in Sources */,
				6CE81D0627F1AC09006BFB6F /* PullToRefresh.swift in Sources */,
				6CE81D0C27F1AF62006BFB6F /* AutoScrollList.swift in Sources */,
				6CE81D0E27F1AFC0006BFB6F /* SwipeAction.swift in Sources */,
				6CE81C7227F145D3006BFB6F /* ListWithRangeOperator.swift in Sources */,
				6CE81D0227F1AA7C006BFB6F /* BackgroundList.swift in Sources */,
				6C98D53627F960BE008BA017 /* RatingView.swift in Sources */,
				6C5676AA27F41931006CD310 /* GeometryEffectFlip.swift in Sources */,
				6C95ABF627F55B9D00D24D58 /* GlobalState.swift in Sources */,
				6C98D53A27F96255008BA017 /* VisualEffectView.swift in Sources */,
				6CBEEAD427F9499A00B88F91 /* ListenToNotificationChanges.swift in Sources */,
				6CE81C7627F1468F006BFB6F /* ListWithIndices.swift in Sources */,
				6CBEEAD227F9490100B88F91 /* OnChangeView.swift in Sources */,
				6C95ABF427F55A8C00D24D58 /* Bindings.swift in Sources */,
				6CBEEAD827F94CCB00B88F91 /* AppStorageView.swift in Sources */,
				6CE81C6527F1457E006BFB6F /* ContentView.swift in Sources */,
				6C98D52E27F94F31008BA017 /* RoundedCorerWithClipShape.swift in Sources */,
				6C95ABF127F5580B00D24D58 /* ThreeDimensionalRotationEffect.swift in Sources */,
				6C5676AE27F41B2F006CD310 /* MyHeroAnimation.swift in Sources */,
				6CE81C6327F1457E006BFB6F /* SwiftuIListsApp.swift in Sources */,
				6CE81C7427F14613006BFB6F /* ListWithCustomObject.swift in Sources */,
				6C98D53427F95E5E008BA017 /* BarChartView.swift in Sources */,
				6CBEEAD027F9489100B88F91 /* OptionalBindingView.swift in Sources */,
				6CE81D0A27F1AEB7006BFB6F /* ClickableWholeRow.swift in Sources */,
			);
			runOnlyForDeploymentPostprocessing = 0;
		};
/* End PBXSourcesBuildPhase section */

/* Begin XCBuildConfiguration section */
		6CE81C6B27F1457F006BFB6F /* Debug */ = {
			isa = XCBuildConfiguration;
			buildSettings = {
				ALWAYS_SEARCH_USER_PATHS = NO;
				CLANG_ANALYZER_NONNULL = YES;
				CLANG_ANALYZER_NUMBER_OBJECT_CONVERSION = YES_AGGRESSIVE;
				CLANG_CXX_LANGUAGE_STANDARD = "gnu++17";
				CLANG_CXX_LIBRARY = "libc++";
				CLANG_ENABLE_MODULES = YES;
				CLANG_ENABLE_OBJC_ARC = YES;
				CLANG_ENABLE_OBJC_WEAK = YES;
				CLANG_WARN_BLOCK_CAPTURE_AUTORELEASING = YES;
				CLANG_WARN_BOOL_CONVERSION = YES;
				CLANG_WARN_COMMA = YES;
				CLANG_WARN_CONSTANT_CONVERSION = YES;
				CLANG_WARN_DEPRECATED_OBJC_IMPLEMENTATIONS = YES;
				CLANG_WARN_DIRECT_OBJC_ISA_USAGE = YES_ERROR;
				CLANG_WARN_DOCUMENTATION_COMMENTS = YES;
				CLANG_WARN_EMPTY_BODY = YES;
				CLANG_WARN_ENUM_CONVERSION = YES;
				CLANG_WARN_INFINITE_RECURSION = YES;
				CLANG_WARN_INT_CONVERSION = YES;
				CLANG_WARN_NON_LITERAL_NULL_CONVERSION = YES;
				CLANG_WARN_OBJC_IMPLICIT_RETAIN_SELF = YES;
				CLANG_WARN_OBJC_LITERAL_CONVERSION = YES;
				CLANG_WARN_OBJC_ROOT_CLASS = YES_ERROR;
				CLANG_WARN_QUOTED_INCLUDE_IN_FRAMEWORK_HEADER = YES;
				CLANG_WARN_RANGE_LOOP_ANALYSIS = YES;
				CLANG_WARN_STRICT_PROTOTYPES = YES;
				CLANG_WARN_SUSPICIOUS_MOVE = YES;
				CLANG_WARN_UNGUARDED_AVAILABILITY = YES_AGGRESSIVE;
				CLANG_WARN_UNREACHABLE_CODE = YES;
				CLANG_WARN__DUPLICATE_METHOD_MATCH = YES;
				COPY_PHASE_STRIP = NO;
				DEBUG_INFORMATION_FORMAT = dwarf;
				ENABLE_STRICT_OBJC_MSGSEND = YES;
				ENABLE_TESTABILITY = YES;
				GCC_C_LANGUAGE_STANDARD = gnu11;
				GCC_DYNAMIC_NO_PIC = NO;
				GCC_NO_COMMON_BLOCKS = YES;
				GCC_OPTIMIZATION_LEVEL = 0;
				GCC_PREPROCESSOR_DEFINITIONS = (
					"DEBUG=1",
					"$(inherited)",
				);
				GCC_WARN_64_TO_32_BIT_CONVERSION = YES;
				GCC_WARN_ABOUT_RETURN_TYPE = YES_ERROR;
				GCC_WARN_UNDECLARED_SELECTOR = YES;
				GCC_WARN_UNINITIALIZED_AUTOS = YES_AGGRESSIVE;
				GCC_WARN_UNUSED_FUNCTION = YES;
				GCC_WARN_UNUSED_VARIABLE = YES;
				IPHONEOS_DEPLOYMENT_TARGET = 15.2;
				MTL_ENABLE_DEBUG_INFO = INCLUDE_SOURCE;
				MTL_FAST_MATH = YES;
				ONLY_ACTIVE_ARCH = YES;
				SDKROOT = iphoneos;
				SWIFT_ACTIVE_COMPILATION_CONDITIONS = DEBUG;
				SWIFT_OPTIMIZATION_LEVEL = "-Onone";
			};
			name = Debug;
		};
		6CE81C6C27F1457F006BFB6F /* Release */ = {
			isa = XCBuildConfiguration;
			buildSettings = {
				ALWAYS_SEARCH_USER_PATHS = NO;
				CLANG_ANALYZER_NONNULL = YES;
				CLANG_ANALYZER_NUMBER_OBJECT_CONVERSION = YES_AGGRESSIVE;
				CLANG_CXX_LANGUAGE_STANDARD = "gnu++17";
				CLANG_CXX_LIBRARY = "libc++";
				CLANG_ENABLE_MODULES = YES;
				CLANG_ENABLE_OBJC_ARC = YES;
				CLANG_ENABLE_OBJC_WEAK = YES;
				CLANG_WARN_BLOCK_CAPTURE_AUTORELEASING = YES;
				CLANG_WARN_BOOL_CONVERSION = YES;
				CLANG_WARN_COMMA = YES;
				CLANG_WARN_CONSTANT_CONVERSION = YES;
				CLANG_WARN_DEPRECATED_OBJC_IMPLEMENTATIONS = YES;
				CLANG_WARN_DIRECT_OBJC_ISA_USAGE = YES_ERROR;
				CLANG_WARN_DOCUMENTATION_COMMENTS = YES;
				CLANG_WARN_EMPTY_BODY = YES;
				CLANG_WARN_ENUM_CONVERSION = YES;
				CLANG_WARN_INFINITE_RECURSION = YES;
				CLANG_WARN_INT_CONVERSION = YES;
				CLANG_WARN_NON_LITERAL_NULL_CONVERSION = YES;
				CLANG_WARN_OBJC_IMPLICIT_RETAIN_SELF = YES;
				CLANG_WARN_OBJC_LITERAL_CONVERSION = YES;
				CLANG_WARN_OBJC_ROOT_CLASS = YES_ERROR;
				CLANG_WARN_QUOTED_INCLUDE_IN_FRAMEWORK_HEADER = YES;
				CLANG_WARN_RANGE_LOOP_ANALYSIS = YES;
				CLANG_WARN_STRICT_PROTOTYPES = YES;
				CLANG_WARN_SUSPICIOUS_MOVE = YES;
				CLANG_WARN_UNGUARDED_AVAILABILITY = YES_AGGRESSIVE;
				CLANG_WARN_UNREACHABLE_CODE = YES;
				CLANG_WARN__DUPLICATE_METHOD_MATCH = YES;
				COPY_PHASE_STRIP = NO;
				DEBUG_INFORMATION_FORMAT = "dwarf-with-dsym";
				ENABLE_NS_ASSERTIONS = NO;
				ENABLE_STRICT_OBJC_MSGSEND = YES;
				GCC_C_LANGUAGE_STANDARD = gnu11;
				GCC_NO_COMMON_BLOCKS = YES;
				GCC_WARN_64_TO_32_BIT_CONVERSION = YES;
				GCC_WARN_ABOUT_RETURN_TYPE = YES_ERROR;
				GCC_WARN_UNDECLARED_SELECTOR = YES;
				GCC_WARN_UNINITIALIZED_AUTOS = YES_AGGRESSIVE;
				GCC_WARN_UNUSED_FUNCTION = YES;
				GCC_WARN_UNUSED_VARIABLE = YES;
				IPHONEOS_DEPLOYMENT_TARGET = 15.2;
				MTL_ENABLE_DEBUG_INFO = NO;
				MTL_FAST_MATH = YES;
				SDKROOT = iphoneos;
				SWIFT_COMPILATION_MODE = wholemodule;
				SWIFT_OPTIMIZATION_LEVEL = "-O";
				VALIDATE_PRODUCT = YES;
			};
			name = Release;
		};
		6CE81C6E27F1457F006BFB6F /* Debug */ = {
			isa = XCBuildConfiguration;
			buildSettings = {
				ASSETCATALOG_COMPILER_APPICON_NAME = AppIcon;
				ASSETCATALOG_COMPILER_GLOBAL_ACCENT_COLOR_NAME = AccentColor;
				CODE_SIGN_STYLE = Automatic;
				CURRENT_PROJECT_VERSION = 1;
				DEVELOPMENT_ASSET_PATHS = "\"SwiftuILists/Preview Content\"";
				DEVELOPMENT_TEAM = 35W7TZ9DUM;
				ENABLE_PREVIEWS = YES;
				GENERATE_INFOPLIST_FILE = YES;
				INFOPLIST_KEY_UIApplicationSceneManifest_Generation = YES;
				INFOPLIST_KEY_UIApplicationSupportsIndirectInputEvents = YES;
				INFOPLIST_KEY_UILaunchScreen_Generation = YES;
				INFOPLIST_KEY_UISupportedInterfaceOrientations_iPad = "UIInterfaceOrientationPortrait UIInterfaceOrientationPortraitUpsideDown UIInterfaceOrientationLandscapeLeft UIInterfaceOrientationLandscapeRight";
				INFOPLIST_KEY_UISupportedInterfaceOrientations_iPhone = "UIInterfaceOrientationPortrait UIInterfaceOrientationLandscapeLeft UIInterfaceOrientationLandscapeRight";
				LD_RUNPATH_SEARCH_PATHS = (
					"$(inherited)",
					"@executable_path/Frameworks",
				);
				MARKETING_VERSION = 1.0;
				PRODUCT_BUNDLE_IDENTIFIER = com.paigesoftware.king.SwiftuILists;
				PRODUCT_NAME = "$(TARGET_NAME)";
				SWIFT_EMIT_LOC_STRINGS = YES;
				SWIFT_VERSION = 5.0;
				TARGETED_DEVICE_FAMILY = "1,2";
			};
			name = Debug;
		};
		6CE81C6F27F1457F006BFB6F /* Release */ = {
			isa = XCBuildConfiguration;
			buildSettings = {
				ASSETCATALOG_COMPILER_APPICON_NAME = AppIcon;
				ASSETCATALOG_COMPILER_GLOBAL_ACCENT_COLOR_NAME = AccentColor;
				CODE_SIGN_STYLE = Automatic;
				CURRENT_PROJECT_VERSION = 1;
				DEVELOPMENT_ASSET_PATHS = "\"SwiftuILists/Preview Content\"";
				DEVELOPMENT_TEAM = 35W7TZ9DUM;
				ENABLE_PREVIEWS = YES;
				GENERATE_INFOPLIST_FILE = YES;
				INFOPLIST_KEY_UIApplicationSceneManifest_Generation = YES;
				INFOPLIST_KEY_UIApplicationSupportsIndirectInputEvents = YES;
				INFOPLIST_KEY_UILaunchScreen_Generation = YES;
				INFOPLIST_KEY_UISupportedInterfaceOrientations_iPad = "UIInterfaceOrientationPortrait UIInterfaceOrientationPortraitUpsideDown UIInterfaceOrientationLandscapeLeft UIInterfaceOrientationLandscapeRight";
				INFOPLIST_KEY_UISupportedInterfaceOrientations_iPhone = "UIInterfaceOrientationPortrait UIInterfaceOrientationLandscapeLeft UIInterfaceOrientationLandscapeRight";
				LD_RUNPATH_SEARCH_PATHS = (
					"$(inherited)",
					"@executable_path/Frameworks",
				);
				MARKETING_VERSION = 1.0;
				PRODUCT_BUNDLE_IDENTIFIER = com.paigesoftware.king.SwiftuILists;
				PRODUCT_NAME = "$(TARGET_NAME)";
				SWIFT_EMIT_LOC_STRINGS = YES;
				SWIFT_VERSION = 5.0;
				TARGETED_DEVICE_FAMILY = "1,2";
			};
			name = Release;
		};
/* End XCBuildConfiguration section */

/* Begin XCConfigurationList section */
		6CE81C5A27F1457E006BFB6F /* Build configuration list for PBXProject "SwiftuILists" */ = {
			isa = XCConfigurationList;
			buildConfigurations = (
				6CE81C6B27F1457F006BFB6F /* Debug */,
				6CE81C6C27F1457F006BFB6F /* Release */,
			);
			defaultConfigurationIsVisible = 0;
			defaultConfigurationName = Release;
		};
		6CE81C6D27F1457F006BFB6F /* Build configuration list for PBXNativeTarget "SwiftuILists" */ = {
			isa = XCConfigurationList;
			buildConfigurations = (
				6CE81C6E27F1457F006BFB6F /* Debug */,
				6CE81C6F27F1457F006BFB6F /* Release */,
			);
			defaultConfigurationIsVisible = 0;
			defaultConfigurationName = Release;
		};
/* End XCConfigurationList section */
	};
	rootObject = 6CE81C5727F1457E006BFB6F /* Project object */;
}
