// !$*UTF8*$!
{
	archiveVersion = 1;
	classes = {
	};
	objectVersion = 51;
	objects = {

/* Begin PBXBuildFile section */
		03360134055358263EB45BB5 /* Pods_HelloFirebase.framework in Frameworks */ = {isa = PBXBuildFile; fileRef = 0C9874D2A63500E3D53337B8 /* Pods_HelloFirebase.framework */; };
		8D62877B2540A37900A36A3C /* Task.swift in Sources */ = {isa = PBXBuildFile; fileRef = 8D62877A2540A37900A36A3C /* Task.swift */; };
		8DDFDFA1253F103D00047BF9 /* HelloFirebaseApp.swift in Sources */ = {isa = PBXBuildFile; fileRef = 8DDFDFA0253F103D00047BF9 /* HelloFirebaseApp.swift */; };
		8DDFDFA3253F103D00047BF9 /* ContentView.swift in Sources */ = {isa = PBXBuildFile; fileRef = 8DDFDFA2253F103D00047BF9 /* ContentView.swift */; };
		8DDFDFA5253F103E00047BF9 /* Assets.xcassets in Resources */ = {isa = PBXBuildFile; fileRef = 8DDFDFA4253F103E00047BF9 /* Assets.xcassets */; };
		8DDFDFA8253F103E00047BF9 /* Preview Assets.xcassets in Resources */ = {isa = PBXBuildFile; fileRef = 8DDFDFA7253F103E00047BF9 /* Preview Assets.xcassets */; };
		8DFF279F253F628B001D0123 /* GoogleService-Info.plist in Resources */ = {isa = PBXBuildFile; fileRef = 8DFF279E253F628B001D0123 /* GoogleService-Info.plist */; };
/* End PBXBuildFile section */

/* Begin PBXFileReference section */
		0C9874D2A63500E3D53337B8 /* Pods_HelloFirebase.framework */ = {isa = PBXFileReference; explicitFileType = wrapper.framework; includeInIndex = 0; path = Pods_HelloFirebase.framework; sourceTree = BUILT_PRODUCTS_DIR; };
		19D67F3228DD04A2C1247268 /* Pods-HelloFirebase.release.xcconfig */ = {isa = PBXFileReference; includeInIndex = 1; lastKnownFileType = text.xcconfig; name = "Pods-HelloFirebase.release.xcconfig"; path = "Target Support Files/Pods-HelloFirebase/Pods-HelloFirebase.release.xcconfig"; sourceTree = "<group>"; };
		8D62877A2540A37900A36A3C /* Task.swift */ = {isa = PBXFileReference; lastKnownFileType = sourcecode.swift; path = Task.swift; sourceTree = "<group>"; };
		8DDFDF9D253F103D00047BF9 /* HelloFirebase.app */ = {isa = PBXFileReference; explicitFileType = wrapper.application; includeInIndex = 0; path = HelloFirebase.app; sourceTree = BUILT_PRODUCTS_DIR; };
		8DDFDFA0253F103D00047BF9 /* HelloFirebaseApp.swift */ = {isa = PBXFileReference; lastKnownFileType = sourcecode.swift; path = HelloFirebaseApp.swift; sourceTree = "<group>"; };
		8DDFDFA2253F103D00047BF9 /* ContentView.swift */ = {isa = PBXFileReference; lastKnownFileType = sourcecode.swift; path = ContentView.swift; sourceTree = "<group>"; };
		8DDFDFA4253F103E00047BF9 /* Assets.xcassets */ = {isa = PBXFileReference; lastKnownFileType = folder.assetcatalog; path = Assets.xcassets; sourceTree = "<group>"; };
		8DDFDFA7253F103E00047BF9 /* Preview Assets.xcassets */ = {isa = PBXFileReference; lastKnownFileType = folder.assetcatalog; path = "Preview Assets.xcassets"; sourceTree = "<group>"; };
		8DDFDFA9253F103E00047BF9 /* Info.plist */ = {isa = PBXFileReference; lastKnownFileType = text.plist.xml; path = Info.plist; sourceTree = "<group>"; };
		8DFF279E253F628B001D0123 /* GoogleService-Info.plist */ = {isa = PBXFileReference; fileEncoding = 4; lastKnownFileType = text.plist.xml; path = "GoogleService-Info.plist"; sourceTree = "<group>"; };
		EF1FCFA69C729ADF2C093B82 /* Pods-HelloFirebase.debug.xcconfig */ = {isa = PBXFileReference; includeInIndex = 1; lastKnownFileType = text.xcconfig; name = "Pods-HelloFirebase.debug.xcconfig"; path = "Target Support Files/Pods-HelloFirebase/Pods-HelloFirebase.debug.xcconfig"; sourceTree = "<group>"; };
/* End PBXFileReference section */

/* Begin PBXFrameworksBuildPhase section */
		8DDFDF9A253F103D00047BF9 /* Frameworks */ = {
			isa = PBXFrameworksBuildPhase;
			buildActionMask = 2147483647;
			files = (
				03360134055358263EB45BB5 /* Pods_HelloFirebase.framework in Frameworks */,
			);
			runOnlyForDeploymentPostprocessing = 0;
		};
/* End PBXFrameworksBuildPhase section */

/* Begin PBXGroup section */
		4275079E94D315508FBFE441 /* Frameworks */ = {
			isa = PBXGroup;
			children = (
				0C9874D2A63500E3D53337B8 /* Pods_HelloFirebase.framework */,
			);
			name = Frameworks;
			sourceTree = "<group>";
		};
		8DDFDF94253F103D00047BF9 = {
			isa = PBXGroup;
			children = (
				8DDFDF9F253F103D00047BF9 /* HelloFirebase */,
				8DDFDF9E253F103D00047BF9 /* Products */,
				ADE3B6F0F5BB7671F0B16A10 /* Pods */,
				4275079E94D315508FBFE441 /* Frameworks */,
			);
			sourceTree = "<group>";
		};
		8DDFDF9E253F103D00047BF9 /* Products */ = {
			isa = PBXGroup;
			children = (
				8DDFDF9D253F103D00047BF9 /* HelloFirebase.app */,
			);
			name = Products;
			sourceTree = "<group>";
		};
		8DDFDF9F253F103D00047BF9 /* HelloFirebase */ = {
			isa = PBXGroup;
			children = (
				8DDFDFA0253F103D00047BF9 /* HelloFirebaseApp.swift */,
				8D62877A2540A37900A36A3C /* Task.swift */,
				8DDFDFA2253F103D00047BF9 /* ContentView.swift */,
				8DFF279E253F628B001D0123 /* GoogleService-Info.plist */,
				8DDFDFA4253F103E00047BF9 /* Assets.xcassets */,
				8DDFDFA9253F103E00047BF9 /* Info.plist */,
				8DDFDFA6253F103E00047BF9 /* Preview Content */,
			);
			path = HelloFirebase;
			sourceTree = "<group>";
		};
		8DDFDFA6253F103E00047BF9 /* Preview Content */ = {
			isa = PBXGroup;
			children = (
				8DDFDFA7253F103E00047BF9 /* Preview Assets.xcassets */,
			);
			path = "Preview Content";
			sourceTree = "<group>";
		};
		ADE3B6F0F5BB7671F0B16A10 /* Pods */ = {
			isa = PBXGroup;
			children = (
				EF1FCFA69C729ADF2C093B82 /* Pods-HelloFirebase.debug.xcconfig */,
				19D67F3228DD04A2C1247268 /* Pods-HelloFirebase.release.xcconfig */,
			);
			path = Pods;
			sourceTree = "<group>";
		};
/* End PBXGroup section */

/* Begin PBXNativeTarget section */
		8DDFDF9C253F103D00047BF9 /* HelloFirebase */ = {
			isa = PBXNativeTarget;
			buildConfigurationList = 8DDFDFAC253F103E00047BF9 /* Build configuration list for PBXNativeTarget "HelloFirebase" */;
			buildPhases = (
				73AC7DBFCF7F69490D5C185F /* [CP] Check Pods Manifest.lock */,
				8DDFDF99253F103D00047BF9 /* Sources */,
				8DDFDF9A253F103D00047BF9 /* Frameworks */,
				8DDFDF9B253F103D00047BF9 /* Resources */,
				EB0DEF2E4A7804B0BAEFCF60 /* [CP] Embed Pods Frameworks */,
			);
			buildRules = (
			);
			dependencies = (
			);
			name = HelloFirebase;
			productName = HelloFirebase;
			productReference = 8DDFDF9D253F103D00047BF9 /* HelloFirebase.app */;
			productType = "com.apple.product-type.application";
		};
/* End PBXNativeTarget section */

/* Begin PBXProject section */
		8DDFDF95253F103D00047BF9 /* Project object */ = {
			isa = PBXProject;
			attributes = {
				LastSwiftUpdateCheck = 1200;
				LastUpgradeCheck = 1200;
				TargetAttributes = {
					8DDFDF9C253F103D00047BF9 = {
						CreatedOnToolsVersion = 12.0.1;
					};
				};
			};
			buildConfigurationList = 8DDFDF98253F103D00047BF9 /* Build configuration list for PBXProject "HelloFirebase" */;
			compatibilityVersion = "Xcode 9.3";
			developmentRegion = en;
			hasScannedForEncodings = 0;
			knownRegions = (
				en,
				Base,
			);
			mainGroup = 8DDFDF94253F103D00047BF9;
			productRefGroup = 8DDFDF9E253F103D00047BF9 /* Products */;
			projectDirPath = "";
			projectRoot = "";
			targets = (
				8DDFDF9C253F103D00047BF9 /* HelloFirebase */,
			);
		};
/* End PBXProject section */

/* Begin PBXResourcesBuildPhase section */
		8DDFDF9B253F103D00047BF9 /* Resources */ = {
			isa = PBXResourcesBuildPhase;
			buildActionMask = 2147483647;
			files = (
				8DDFDFA8253F103E00047BF9 /* Preview Assets.xcassets in Resources */,
				8DDFDFA5253F103E00047BF9 /* Assets.xcassets in Resources */,
				8DFF279F253F628B001D0123 /* GoogleService-Info.plist in Resources */,
			);
			runOnlyForDeploymentPostprocessing = 0;
		};
/* End PBXResourcesBuildPhase section */

/* Begin PBXShellScriptBuildPhase section */
		73AC7DBFCF7F69490D5C185F /* [CP] Check Pods Manifest.lock */ = {
			isa = PBXShellScriptBuildPhase;
			buildActionMask = 2147483647;
			files = (
			);
			inputFileListPaths = (
			);
			inputPaths = (
				"${PODS_PODFILE_DIR_PATH}/Podfile.lock",
				"${PODS_ROOT}/Manifest.lock",
			);
			name = "[CP] Check Pods Manifest.lock";
			outputFileListPaths = (
			);
			outputPaths = (
				"$(DERIVED_FILE_DIR)/Pods-HelloFirebase-checkManifestLockResult.txt",
			);
			runOnlyForDeploymentPostprocessing = 0;
			shellPath = /bin/sh;
			shellScript = "diff \"${PODS_PODFILE_DIR_PATH}/Podfile.lock\" \"${PODS_ROOT}/Manifest.lock\" > /dev/null\nif [ $? != 0 ] ; then\n    # print error to STDERR\n    echo \"error: The sandbox is not in sync with the Podfile.lock. Run 'pod install' or update your CocoaPods installation.\" >&2\n    exit 1\nfi\n# This output is used by Xcode 'outputs' to avoid re-running this script phase.\necho \"SUCCESS\" > \"${SCRIPT_OUTPUT_FILE_0}\"\n";
			showEnvVarsInLog = 0;
		};
		EB0DEF2E4A7804B0BAEFCF60 /* [CP] Embed Pods Frameworks */ = {
			isa = PBXShellScriptBuildPhase;
			buildActionMask = 2147483647;
			files = (
			);
			inputFileListPaths = (
				"${PODS_ROOT}/Target Support Files/Pods-HelloFirebase/Pods-HelloFirebase-frameworks-${CONFIGURATION}-input-files.xcfilelist",
			);
			name = "[CP] Embed Pods Frameworks";
			outputFileListPaths = (
				"${PODS_ROOT}/Target Support Files/Pods-HelloFirebase/Pods-HelloFirebase-frameworks-${CONFIGURATION}-output-files.xcfilelist",
			);
			runOnlyForDeploymentPostprocessing = 0;
			shellPath = /bin/sh;
			shellScript = "\"${PODS_ROOT}/Target Support Files/Pods-HelloFirebase/Pods-HelloFirebase-frameworks.sh\"\n";
			showEnvVarsInLog = 0;
		};
/* End PBXShellScriptBuildPhase section */

/* Begin PBXSourcesBuildPhase section */
		8DDFDF99253F103D00047BF9 /* Sources */ = {
			isa = PBXSourcesBuildPhase;
			buildActionMask = 2147483647;
			files = (
				8DDFDFA3253F103D00047BF9 /* ContentView.swift in Sources */,
				8D62877B2540A37900A36A3C /* Task.swift in Sources */,
				8DDFDFA1253F103D00047BF9 /* HelloFirebaseApp.swift in Sources */,
			);
			runOnlyForDeploymentPostprocessing = 0;
		};
/* End PBXSourcesBuildPhase section */

/* Begin XCBuildConfiguration section */
		8DDFDFAA253F103E00047BF9 /* Debug */ = {
			isa = XCBuildConfiguration;
			buildSettings = {
				ALWAYS_SEARCH_USER_PATHS = NO;
				CLANG_ANALYZER_NONNULL = YES;
				CLANG_ANALYZER_NUMBER_OBJECT_CONVERSION = YES_AGGRESSIVE;
				CLANG_CXX_LANGUAGE_STANDARD = "gnu++14";
				CLANG_CXX_LIBRARY = "libc++";
				CLANG_ENABLE_MODULES = YES;
				CLANG_ENABLE_OBJC_ARC = YES;
				CLANG_ENABLE_OBJC_WEAK = YES;
				CLANG_WARN_BLOCK_CAPTURE_AUTORELEASING = YES;
				CLANG_WARN_BOOL_CONVERSION = YES;
				CLANG_WARN_COMMA = YES;
				CLANG_WARN_CONSTANT_CONVERSION = YES;
				CLANG_WARN_DEPRECATED_OBJC_IMPLEMENTATIONS = YES;
				CLANG_WARN_DIRECT_OBJC_ISA_USAGE = YES_ERROR;
				CLANG_WARN_DOCUMENTATION_COMMENTS = YES;
				CLANG_WARN_EMPTY_BODY = YES;
				CLANG_WARN_ENUM_CONVERSION = YES;
				CLANG_WARN_INFINITE_RECURSION = YES;
				CLANG_WARN_INT_CONVERSION = YES;
				CLANG_WARN_NON_LITERAL_NULL_CONVERSION = YES;
				CLANG_WARN_OBJC_IMPLICIT_RETAIN_SELF = YES;
				CLANG_WARN_OBJC_LITERAL_CONVERSION = YES;
				CLANG_WARN_OBJC_ROOT_CLASS = YES_ERROR;
				CLANG_WARN_QUOTED_INCLUDE_IN_FRAMEWORK_HEADER = YES;
				CLANG_WARN_RANGE_LOOP_ANALYSIS = YES;
				CLANG_WARN_STRICT_PROTOTYPES = YES;
				CLANG_WARN_SUSPICIOUS_MOVE = YES;
				CLANG_WARN_UNGUARDED_AVAILABILITY = YES_AGGRESSIVE;
				CLANG_WARN_UNREACHABLE_CODE = YES;
				CLANG_WARN__DUPLICATE_METHOD_MATCH = YES;
				COPY_PHASE_STRIP = NO;
				DEBUG_INFORMATION_FORMAT = dwarf;
				ENABLE_STRICT_OBJC_MSGSEND = YES;
				ENABLE_TESTABILITY = YES;
				GCC_C_LANGUAGE_STANDARD = gnu11;
				GCC_DYNAMIC_NO_PIC = NO;
				GCC_NO_COMMON_BLOCKS = YES;
				GCC_OPTIMIZATION_LEVEL = 0;
				GCC_PREPROCESSOR_DEFINITIONS = (
					"DEBUG=1",
					"$(inherited)",
				);
				GCC_WARN_64_TO_32_BIT_CONVERSION = YES;
				GCC_WARN_ABOUT_RETURN_TYPE = YES_ERROR;
				GCC_WARN_UNDECLARED_SELECTOR = YES;
				GCC_WARN_UNINITIALIZED_AUTOS = YES_AGGRESSIVE;
				GCC_WARN_UNUSED_FUNCTION = YES;
				GCC_WARN_UNUSED_VARIABLE = YES;
				IPHONEOS_DEPLOYMENT_TARGET = 14.0;
				MTL_ENABLE_DEBUG_INFO = INCLUDE_SOURCE;
				MTL_FAST_MATH = YES;
				ONLY_ACTIVE_ARCH = YES;
				SDKROOT = iphoneos;
				SWIFT_ACTIVE_COMPILATION_CONDITIONS = DEBUG;
				SWIFT_OPTIMIZATION_LEVEL = "-Onone";
			};
			name = Debug;
		};
		8DDFDFAB253F103E00047BF9 /* Release */ = {
			isa = XCBuildConfiguration;
			buildSettings = {
				ALWAYS_SEARCH_USER_PATHS = NO;
				CLANG_ANALYZER_NONNULL = YES;
				CLANG_ANALYZER_NUMBER_OBJECT_CONVERSION = YES_AGGRESSIVE;
				CLANG_CXX_LANGUAGE_STANDARD = "gnu++14";
				CLANG_CXX_LIBRARY = "libc++";
				CLANG_ENABLE_MODULES = YES;
				CLANG_ENABLE_OBJC_ARC = YES;
				CLANG_ENABLE_OBJC_WEAK = YES;
				CLANG_WARN_BLOCK_CAPTURE_AUTORELEASING = YES;
				CLANG_WARN_BOOL_CONVERSION = YES;
				CLANG_WARN_COMMA = YES;
				CLANG_WARN_CONSTANT_CONVERSION = YES;
				CLANG_WARN_DEPRECATED_OBJC_IMPLEMENTATIONS = YES;
				CLANG_WARN_DIRECT_OBJC_ISA_USAGE = YES_ERROR;
				CLANG_WARN_DOCUMENTATION_COMMENTS = YES;
				CLANG_WARN_EMPTY_BODY = YES;
				CLANG_WARN_ENUM_CONVERSION = YES;
				CLANG_WARN_INFINITE_RECURSION = YES;
				CLANG_WARN_INT_CONVERSION = YES;
				CLANG_WARN_NON_LITERAL_NULL_CONVERSION = YES;
				CLANG_WARN_OBJC_IMPLICIT_RETAIN_SELF = YES;
				CLANG_WARN_OBJC_LITERAL_CONVERSION = YES;
				CLANG_WARN_OBJC_ROOT_CLASS = YES_ERROR;
				CLANG_WARN_QUOTED_INCLUDE_IN_FRAMEWORK_HEADER = YES;
				CLANG_WARN_RANGE_LOOP_ANALYSIS = YES;
				CLANG_WARN_STRICT_PROTOTYPES = YES;
				CLANG_WARN_SUSPICIOUS_MOVE = YES;
				CLANG_WARN_UNGUARDED_AVAILABILITY = YES_AGGRESSIVE;
				CLANG_WARN_UNREACHABLE_CODE = YES;
				CLANG_WARN__DUPLICATE_METHOD_MATCH = YES;
				COPY_PHASE_STRIP = NO;
				DEBUG_INFORMATION_FORMAT = "dwarf-with-dsym";
				ENABLE_NS_ASSERTIONS = NO;
				ENABLE_STRICT_OBJC_MSGSEND = YES;
				GCC_C_LANGUAGE_STANDARD = gnu11;
				GCC_NO_COMMON_BLOCKS = YES;
				GCC_WARN_64_TO_32_BIT_CONVERSION = YES;
				GCC_WARN_ABOUT_RETURN_TYPE = YES_ERROR;
				GCC_WARN_UNDECLARED_SELECTOR = YES;
				GCC_WARN_UNINITIALIZED_AUTOS = YES_AGGRESSIVE;
				GCC_WARN_UNUSED_FUNCTION = YES;
				GCC_WARN_UNUSED_VARIABLE = YES;
				IPHONEOS_DEPLOYMENT_TARGET = 14.0;
				MTL_ENABLE_DEBUG_INFO = NO;
				MTL_FAST_MATH = YES;
				SDKROOT = iphoneos;
				SWIFT_COMPILATION_MODE = wholemodule;
				SWIFT_OPTIMIZATION_LEVEL = "-O";
				VALIDATE_PRODUCT = YES;
			};
			name = Release;
		};
		8DDFDFAD253F103E00047BF9 /* Debug */ = {
			isa = XCBuildConfiguration;
			baseConfigurationReference = EF1FCFA69C729ADF2C093B82 /* Pods-HelloFirebase.debug.xcconfig */;
			buildSettings = {
				ASSETCATALOG_COMPILER_APPICON_NAME = AppIcon;
				ASSETCATALOG_COMPILER_GLOBAL_ACCENT_COLOR_NAME = AccentColor;
				CODE_SIGN_STYLE = Automatic;
				DEVELOPMENT_ASSET_PATHS = "\"HelloFirebase/Preview Content\"";
				DEVELOPMENT_TEAM = B2Q8EGNCQA;
				ENABLE_PREVIEWS = YES;
				INFOPLIST_FILE = HelloFirebase/Info.plist;
				IPHONEOS_DEPLOYMENT_TARGET = 14.0;
				LD_RUNPATH_SEARCH_PATHS = (
					"$(inherited)",
					"@executable_path/Frameworks",
				);
				PRODUCT_BUNDLE_IDENTIFIER = com.azamsharp.HelloFirebase;
				PRODUCT_NAME = "$(TARGET_NAME)";
				SWIFT_VERSION = 5.0;
				TARGETED_DEVICE_FAMILY = "1,2";
			};
			name = Debug;
		};
		8DDFDFAE253F103E00047BF9 /* Release */ = {
			isa = XCBuildConfiguration;
			baseConfigurationReference = 19D67F3228DD04A2C1247268 /* Pods-HelloFirebase.release.xcconfig */;
			buildSettings = {
				ASSETCATALOG_COMPILER_APPICON_NAME = AppIcon;
				ASSETCATALOG_COMPILER_GLOBAL_ACCENT_COLOR_NAME = AccentColor;
				CODE_SIGN_STYLE = Automatic;
				DEVELOPMENT_ASSET_PATHS = "\"HelloFirebase/Preview Content\"";
				DEVELOPMENT_TEAM = B2Q8EGNCQA;
				ENABLE_PREVIEWS = YES;
				INFOPLIST_FILE = HelloFirebase/Info.plist;
				IPHONEOS_DEPLOYMENT_TARGET = 14.0;
				LD_RUNPATH_SEARCH_PATHS = (
					"$(inherited)",
					"@executable_path/Frameworks",
				);
				PRODUCT_BUNDLE_IDENTIFIER = com.azamsharp.HelloFirebase;
				PRODUCT_NAME = "$(TARGET_NAME)";
				SWIFT_VERSION = 5.0;
				TARGETED_DEVICE_FAMILY = "1,2";
			};
			name = Release;
		};
/* End XCBuildConfiguration section */

/* Begin XCConfigurationList section */
		8DDFDF98253F103D00047BF9 /* Build configuration list for PBXProject "HelloFirebase" */ = {
			isa = XCConfigurationList;
			buildConfigurations = (
				8DDFDFAA253F103E00047BF9 /* Debug */,
				8DDFDFAB253F103E00047BF9 /* Release */,
			);
			defaultConfigurationIsVisible = 0;
			defaultConfigurationName = Release;
		};
		8DDFDFAC253F103E00047BF9 /* Build configuration list for PBXNativeTarget "HelloFirebase" */ = {
			isa = XCConfigurationList;
			buildConfigurations = (
				8DDFDFAD253F103E00047BF9 /* Debug */,
				8DDFDFAE253F103E00047BF9 /* Release */,
			);
			defaultConfigurationIsVisible = 0;
			defaultConfigurationName = Release;
		};
/* End XCConfigurationList section */
	};
	rootObject = 8DDFDF95253F103D00047BF9 /* Project object */;
}
